// !$*UTF8*$!
{
	archiveVersion = 1;
	classes = {
	};
	objectVersion = 46;
	objects = {

/* Begin PBXBuildFile section */
		28FE9D0F1CEAC5B300F6C4F1 /* AppDelegate.swift in Sources */ = {isa = PBXBuildFile; fileRef = 28FE9D0E1CEAC5B300F6C4F1 /* AppDelegate.swift */; };
		28FE9D111CEAC5B300F6C4F1 /* ViewController.swift in Sources */ = {isa = PBXBuildFile; fileRef = 28FE9D101CEAC5B300F6C4F1 /* ViewController.swift */; };
		28FE9D141CEAC5B300F6C4F1 /* Main.storyboard in Resources */ = {isa = PBXBuildFile; fileRef = 28FE9D121CEAC5B300F6C4F1 /* Main.storyboard */; };
		28FE9D171CEAC5B300F6C4F1 /* Daimler.xcdatamodeld in Sources */ = {isa = PBXBuildFile; fileRef = 28FE9D151CEAC5B300F6C4F1 /* Daimler.xcdatamodeld */; };
		28FE9D191CEAC5B300F6C4F1 /* Assets.xcassets in Resources */ = {isa = PBXBuildFile; fileRef = 28FE9D181CEAC5B300F6C4F1 /* Assets.xcassets */; };
		28FE9D1C1CEAC5B300F6C4F1 /* LaunchScreen.storyboard in Resources */ = {isa = PBXBuildFile; fileRef = 28FE9D1A1CEAC5B300F6C4F1 /* LaunchScreen.storyboard */; };
		28FE9D271CEAC5B300F6C4F1 /* DaimlerTests.swift in Sources */ = {isa = PBXBuildFile; fileRef = 28FE9D261CEAC5B300F6C4F1 /* DaimlerTests.swift */; };
		28FE9D321CEAC5B300F6C4F1 /* DaimlerUITests.swift in Sources */ = {isa = PBXBuildFile; fileRef = 28FE9D311CEAC5B300F6C4F1 /* DaimlerUITests.swift */; };
/* End PBXBuildFile section */

/* Begin PBXContainerItemProxy section */
		28FE9D231CEAC5B300F6C4F1 /* PBXContainerItemProxy */ = {
			isa = PBXContainerItemProxy;
			containerPortal = 28FE9D031CEAC5B300F6C4F1 /* Project object */;
			proxyType = 1;
			remoteGlobalIDString = 28FE9D0A1CEAC5B300F6C4F1;
			remoteInfo = Daimler;
		};
		28FE9D2E1CEAC5B300F6C4F1 /* PBXContainerItemProxy */ = {
			isa = PBXContainerItemProxy;
			containerPortal = 28FE9D031CEAC5B300F6C4F1 /* Project object */;
			proxyType = 1;
			remoteGlobalIDString = 28FE9D0A1CEAC5B300F6C4F1;
			remoteInfo = Daimler;
		};
/* End PBXContainerItemProxy section */

/* Begin PBXFileReference section */
		28FE9D0B1CEAC5B300F6C4F1 /* Daimler.app */ = {isa = PBXFileReference; explicitFileType = wrapper.application; includeInIndex = 0; path = Daimler.app; sourceTree = BUILT_PRODUCTS_DIR; };
		28FE9D0E1CEAC5B300F6C4F1 /* AppDelegate.swift */ = {isa = PBXFileReference; lastKnownFileType = sourcecode.swift; path = AppDelegate.swift; sourceTree = "<group>"; };
		28FE9D101CEAC5B300F6C4F1 /* ViewController.swift */ = {isa = PBXFileReference; lastKnownFileType = sourcecode.swift; path = ViewController.swift; sourceTree = "<group>"; };
		28FE9D131CEAC5B300F6C4F1 /* Base */ = {isa = PBXFileReference; lastKnownFileType = file.storyboard; name = Base; path = Base.lproj/Main.storyboard; sourceTree = "<group>"; };
		28FE9D161CEAC5B300F6C4F1 /* Daimler.xcdatamodel */ = {isa = PBXFileReference; lastKnownFileType = wrapper.xcdatamodel; path = Daimler.xcdatamodel; sourceTree = "<group>"; };
		28FE9D181CEAC5B300F6C4F1 /* Assets.xcassets */ = {isa = PBXFileReference; lastKnownFileType = folder.assetcatalog; path = Assets.xcassets; sourceTree = "<group>"; };
		28FE9D1B1CEAC5B300F6C4F1 /* Base */ = {isa = PBXFileReference; lastKnownFileType = file.storyboard; name = Base; path = Base.lproj/LaunchScreen.storyboard; sourceTree = "<group>"; };
		28FE9D1D1CEAC5B300F6C4F1 /* Info.plist */ = {isa = PBXFileReference; lastKnownFileType = text.plist.xml; path = Info.plist; sourceTree = "<group>"; };
		28FE9D221CEAC5B300F6C4F1 /* DaimlerTests.xctest */ = {isa = PBXFileReference; explicitFileType = wrapper.cfbundle; includeInIndex = 0; path = DaimlerTests.xctest; sourceTree = BUILT_PRODUCTS_DIR; };
		28FE9D261CEAC5B300F6C4F1 /* DaimlerTests.swift */ = {isa = PBXFileReference; lastKnownFileType = sourcecode.swift; path = DaimlerTests.swift; sourceTree = "<group>"; };
		28FE9D281CEAC5B300F6C4F1 /* Info.plist */ = {isa = PBXFileReference; lastKnownFileType = text.plist.xml; path = Info.plist; sourceTree = "<group>"; };
		28FE9D2D1CEAC5B300F6C4F1 /* DaimlerUITests.xctest */ = {isa = PBXFileReference; explicitFileType = wrapper.cfbundle; includeInIndex = 0; path = DaimlerUITests.xctest; sourceTree = BUILT_PRODUCTS_DIR; };
		28FE9D311CEAC5B300F6C4F1 /* DaimlerUITests.swift */ = {isa = PBXFileReference; lastKnownFileType = sourcecode.swift; path = DaimlerUITests.swift; sourceTree = "<group>"; };
		28FE9D331CEAC5B300F6C4F1 /* Info.plist */ = {isa = PBXFileReference; lastKnownFileType = text.plist.xml; path = Info.plist; sourceTree = "<group>"; };
/* End PBXFileReference section */

/* Begin PBXFrameworksBuildPhase section */
		28FE9D081CEAC5B300F6C4F1 /* Frameworks */ = {
			isa = PBXFrameworksBuildPhase;
			buildActionMask = 2147483647;
			files = (
			);
			runOnlyForDeploymentPostprocessing = 0;
		};
		28FE9D1F1CEAC5B300F6C4F1 /* Frameworks */ = {
			isa = PBXFrameworksBuildPhase;
			buildActionMask = 2147483647;
			files = (
			);
			runOnlyForDeploymentPostprocessing = 0;
		};
		28FE9D2A1CEAC5B300F6C4F1 /* Frameworks */ = {
			isa = PBXFrameworksBuildPhase;
			buildActionMask = 2147483647;
			files = (
			);
			runOnlyForDeploymentPostprocessing = 0;
		};
/* End PBXFrameworksBuildPhase section */

/* Begin PBXGroup section */
		28FE9D021CEAC5B300F6C4F1 = {
			isa = PBXGroup;
			children = (
				28FE9D0D1CEAC5B300F6C4F1 /* Daimler */,
				28FE9D251CEAC5B300F6C4F1 /* DaimlerTests */,
				28FE9D301CEAC5B300F6C4F1 /* DaimlerUITests */,
				28FE9D0C1CEAC5B300F6C4F1 /* Products */,
			);
			sourceTree = "<group>";
		};
		28FE9D0C1CEAC5B300F6C4F1 /* Products */ = {
			isa = PBXGroup;
			children = (
				28FE9D0B1CEAC5B300F6C4F1 /* Daimler.app */,
				28FE9D221CEAC5B300F6C4F1 /* DaimlerTests.xctest */,
				28FE9D2D1CEAC5B300F6C4F1 /* DaimlerUITests.xctest */,
			);
			name = Products;
			sourceTree = "<group>";
		};
		28FE9D0D1CEAC5B300F6C4F1 /* Daimler */ = {
			isa = PBXGroup;
			children = (
				28FE9D0E1CEAC5B300F6C4F1 /* AppDelegate.swift */,
				28FE9D101CEAC5B300F6C4F1 /* ViewController.swift */,
				28FE9D121CEAC5B300F6C4F1 /* Main.storyboard */,
				28FE9D181CEAC5B300F6C4F1 /* Assets.xcassets */,
				28FE9D1A1CEAC5B300F6C4F1 /* LaunchScreen.storyboard */,
				28FE9D1D1CEAC5B300F6C4F1 /* Info.plist */,
				28FE9D151CEAC5B300F6C4F1 /* Daimler.xcdatamodeld */,
			);
			path = Daimler;
			sourceTree = "<group>";
		};
		28FE9D251CEAC5B300F6C4F1 /* DaimlerTests */ = {
			isa = PBXGroup;
			children = (
				28FE9D261CEAC5B300F6C4F1 /* DaimlerTests.swift */,
				28FE9D281CEAC5B300F6C4F1 /* Info.plist */,
			);
			path = DaimlerTests;
			sourceTree = "<group>";
		};
		28FE9D301CEAC5B300F6C4F1 /* DaimlerUITests */ = {
			isa = PBXGroup;
			children = (
				28FE9D311CEAC5B300F6C4F1 /* DaimlerUITests.swift */,
				28FE9D331CEAC5B300F6C4F1 /* Info.plist */,
			);
			path = DaimlerUITests;
			sourceTree = "<group>";
		};
/* End PBXGroup section */

/* Begin PBXNativeTarget section */
		28FE9D0A1CEAC5B300F6C4F1 /* Daimler */ = {
			isa = PBXNativeTarget;
			buildConfigurationList = 28FE9D361CEAC5B300F6C4F1 /* Build configuration list for PBXNativeTarget "Daimler" */;
			buildPhases = (
				28FE9D071CEAC5B300F6C4F1 /* Sources */,
				28FE9D081CEAC5B300F6C4F1 /* Frameworks */,
				28FE9D091CEAC5B300F6C4F1 /* Resources */,
			);
			buildRules = (
			);
			dependencies = (
			);
			name = Daimler;
			productName = Daimler;
			productReference = 28FE9D0B1CEAC5B300F6C4F1 /* Daimler.app */;
			productType = "com.apple.product-type.application";
		};
		28FE9D211CEAC5B300F6C4F1 /* DaimlerTests */ = {
			isa = PBXNativeTarget;
			buildConfigurationList = 28FE9D391CEAC5B300F6C4F1 /* Build configuration list for PBXNativeTarget "DaimlerTests" */;
			buildPhases = (
				28FE9D1E1CEAC5B300F6C4F1 /* Sources */,
				28FE9D1F1CEAC5B300F6C4F1 /* Frameworks */,
				28FE9D201CEAC5B300F6C4F1 /* Resources */,
			);
			buildRules = (
			);
			dependencies = (
				28FE9D241CEAC5B300F6C4F1 /* PBXTargetDependency */,
			);
			name = DaimlerTests;
			productName = DaimlerTests;
			productReference = 28FE9D221CEAC5B300F6C4F1 /* DaimlerTests.xctest */;
			productType = "com.apple.product-type.bundle.unit-test";
		};
		28FE9D2C1CEAC5B300F6C4F1 /* DaimlerUITests */ = {
			isa = PBXNativeTarget;
			buildConfigurationList = 28FE9D3C1CEAC5B300F6C4F1 /* Build configuration list for PBXNativeTarget "DaimlerUITests" */;
			buildPhases = (
				28FE9D291CEAC5B300F6C4F1 /* Sources */,
				28FE9D2A1CEAC5B300F6C4F1 /* Frameworks */,
				28FE9D2B1CEAC5B300F6C4F1 /* Resources */,
			);
			buildRules = (
			);
			dependencies = (
				28FE9D2F1CEAC5B300F6C4F1 /* PBXTargetDependency */,
			);
			name = DaimlerUITests;
			productName = DaimlerUITests;
			productReference = 28FE9D2D1CEAC5B300F6C4F1 /* DaimlerUITests.xctest */;
			productType = "com.apple.product-type.bundle.ui-testing";
		};
/* End PBXNativeTarget section */

/* Begin PBXProject section */
		28FE9D031CEAC5B300F6C4F1 /* Project object */ = {
			isa = PBXProject;
			attributes = {
				LastSwiftUpdateCheck = 0730;
				LastUpgradeCheck = 0730;
				ORGANIZATIONNAME = palindromo;
				TargetAttributes = {
					28FE9D0A1CEAC5B300F6C4F1 = {
						CreatedOnToolsVersion = 7.3.1;
					};
					28FE9D211CEAC5B300F6C4F1 = {
						CreatedOnToolsVersion = 7.3.1;
						TestTargetID = 28FE9D0A1CEAC5B300F6C4F1;
					};
					28FE9D2C1CEAC5B300F6C4F1 = {
						CreatedOnToolsVersion = 7.3.1;
						TestTargetID = 28FE9D0A1CEAC5B300F6C4F1;
					};
				};
			};
			buildConfigurationList = 28FE9D061CEAC5B300F6C4F1 /* Build configuration list for PBXProject "Daimler" */;
			compatibilityVersion = "Xcode 3.2";
			developmentRegion = English;
			hasScannedForEncodings = 0;
			knownRegions = (
				en,
				Base,
			);
			mainGroup = 28FE9D021CEAC5B300F6C4F1;
			productRefGroup = 28FE9D0C1CEAC5B300F6C4F1 /* Products */;
			projectDirPath = "";
			projectRoot = "";
			targets = (
				28FE9D0A1CEAC5B300F6C4F1 /* Daimler */,
				28FE9D211CEAC5B300F6C4F1 /* DaimlerTests */,
				28FE9D2C1CEAC5B300F6C4F1 /* DaimlerUITests */,
			);
		};
/* End PBXProject section */

/* Begin PBXResourcesBuildPhase section */
		28FE9D091CEAC5B300F6C4F1 /* Resources */ = {
			isa = PBXResourcesBuildPhase;
			buildActionMask = 2147483647;
			files = (
				28FE9D1C1CEAC5B300F6C4F1 /* LaunchScreen.storyboard in Resources */,
				28FE9D191CEAC5B300F6C4F1 /* Assets.xcassets in Resources */,
				28FE9D141CEAC5B300F6C4F1 /* Main.storyboard in Resources */,
			);
			runOnlyForDeploymentPostprocessing = 0;
		};
		28FE9D201CEAC5B300F6C4F1 /* Resources */ = {
			isa = PBXResourcesBuildPhase;
			buildActionMask = 2147483647;
			files = (
			);
			runOnlyForDeploymentPostprocessing = 0;
		};
		28FE9D2B1CEAC5B300F6C4F1 /* Resources */ = {
			isa = PBXResourcesBuildPhase;
			buildActionMask = 2147483647;
			files = (
			);
			runOnlyForDeploymentPostprocessing = 0;
		};
/* End PBXResourcesBuildPhase section */

/* Begin PBXSourcesBuildPhase section */
		28FE9D071CEAC5B300F6C4F1 /* Sources */ = {
			isa = PBXSourcesBuildPhase;
			buildActionMask = 2147483647;
			files = (
				28FE9D111CEAC5B300F6C4F1 /* ViewController.swift in Sources */,
				28FE9D0F1CEAC5B300F6C4F1 /* AppDelegate.swift in Sources */,
				28FE9D171CEAC5B300F6C4F1 /* Daimler.xcdatamodeld in Sources */,
			);
			runOnlyForDeploymentPostprocessing = 0;
		};
		28FE9D1E1CEAC5B300F6C4F1 /* Sources */ = {
			isa = PBXSourcesBuildPhase;
			buildActionMask = 2147483647;
			files = (
				28FE9D271CEAC5B300F6C4F1 /* DaimlerTests.swift in Sources */,
			);
			runOnlyForDeploymentPostprocessing = 0;
		};
		28FE9D291CEAC5B300F6C4F1 /* Sources */ = {
			isa = PBXSourcesBuildPhase;
			buildActionMask = 2147483647;
			files = (
				28FE9D321CEAC5B300F6C4F1 /* DaimlerUITests.swift in Sources */,
			);
			runOnlyForDeploymentPostprocessing = 0;
		};
/* End PBXSourcesBuildPhase section */

/* Begin PBXTargetDependency section */
		28FE9D241CEAC5B300F6C4F1 /* PBXTargetDependency */ = {
			isa = PBXTargetDependency;
			target = 28FE9D0A1CEAC5B300F6C4F1 /* Daimler */;
			targetProxy = 28FE9D231CEAC5B300F6C4F1 /* PBXContainerItemProxy */;
		};
		28FE9D2F1CEAC5B300F6C4F1 /* PBXTargetDependency */ = {
			isa = PBXTargetDependency;
			target = 28FE9D0A1CEAC5B300F6C4F1 /* Daimler */;
			targetProxy = 28FE9D2E1CEAC5B300F6C4F1 /* PBXContainerItemProxy */;
		};
/* End PBXTargetDependency section */

/* Begin PBXVariantGroup section */
		28FE9D121CEAC5B300F6C4F1 /* Main.storyboard */ = {
			isa = PBXVariantGroup;
			children = (
				28FE9D131CEAC5B300F6C4F1 /* Base */,
			);
			name = Main.storyboard;
			sourceTree = "<group>";
		};
		28FE9D1A1CEAC5B300F6C4F1 /* LaunchScreen.storyboard */ = {
			isa = PBXVariantGroup;
			children = (
				28FE9D1B1CEAC5B300F6C4F1 /* Base */,
			);
			name = LaunchScreen.storyboard;
			sourceTree = "<group>";
		};
/* End PBXVariantGroup section */

/* Begin XCBuildConfiguration section */
		28FE9D341CEAC5B300F6C4F1 /* Debug */ = {
			isa = XCBuildConfiguration;
			buildSettings = {
				ALWAYS_SEARCH_USER_PATHS = NO;
				CLANG_ANALYZER_NONNULL = YES;
				CLANG_CXX_LANGUAGE_STANDARD = "gnu++0x";
				CLANG_CXX_LIBRARY = "libc++";
				CLANG_ENABLE_MODULES = YES;
				CLANG_ENABLE_OBJC_ARC = YES;
				CLANG_WARN_BOOL_CONVERSION = YES;
				CLANG_WARN_CONSTANT_CONVERSION = YES;
				CLANG_WARN_DIRECT_OBJC_ISA_USAGE = YES_ERROR;
				CLANG_WARN_EMPTY_BODY = YES;
				CLANG_WARN_ENUM_CONVERSION = YES;
				CLANG_WARN_INT_CONVERSION = YES;
				CLANG_WARN_OBJC_ROOT_CLASS = YES_ERROR;
				CLANG_WARN_UNREACHABLE_CODE = YES;
				CLANG_WARN__DUPLICATE_METHOD_MATCH = YES;
				"CODE_SIGN_IDENTITY[sdk=iphoneos*]" = "iPhone Developer";
				COPY_PHASE_STRIP = NO;
				DEBUG_INFORMATION_FORMAT = dwarf;
				ENABLE_STRICT_OBJC_MSGSEND = YES;
				ENABLE_TESTABILITY = YES;
				GCC_C_LANGUAGE_STANDARD = gnu99;
				GCC_DYNAMIC_NO_PIC = NO;
				GCC_NO_COMMON_BLOCKS = YES;
				GCC_OPTIMIZATION_LEVEL = 0;
				GCC_PREPROCESSOR_DEFINITIONS = (
					"DEBUG=1",
					"$(inherited)",
				);
				GCC_WARN_64_TO_32_BIT_CONVERSION = YES;
				GCC_WARN_ABOUT_RETURN_TYPE = YES_ERROR;
				GCC_WARN_UNDECLARED_SELECTOR = YES;
				GCC_WARN_UNINITIALIZED_AUTOS = YES_AGGRESSIVE;
				GCC_WARN_UNUSED_FUNCTION = YES;
				GCC_WARN_UNUSED_VARIABLE = YES;
				IPHONEOS_DEPLOYMENT_TARGET = 9.3;
				MTL_ENABLE_DEBUG_INFO = YES;
				ONLY_ACTIVE_ARCH = YES;
				SDKROOT = iphoneos;
				SWIFT_OPTIMIZATION_LEVEL = "-Onone";
			};
			name = Debug;
		};
		28FE9D351CEAC5B300F6C4F1 /* Release */ = {
			isa = XCBuildConfiguration;
			buildSettings = {
				ALWAYS_SEARCH_USER_PATHS = NO;
				CLANG_ANALYZER_NONNULL = YES;
				CLANG_CXX_LANGUAGE_STANDARD = "gnu++0x";
				CLANG_CXX_LIBRARY = "libc++";
				CLANG_ENABLE_MODULES = YES;
				CLANG_ENABLE_OBJC_ARC = YES;
				CLANG_WARN_BOOL_CONVERSION = YES;
				CLANG_WARN_CONSTANT_CONVERSION = YES;
				CLANG_WARN_DIRECT_OBJC_ISA_USAGE = YES_ERROR;
				CLANG_WARN_EMPTY_BODY = YES;
				CLANG_WARN_ENUM_CONVERSION = YES;
				CLANG_WARN_INT_CONVERSION = YES;
				CLANG_WARN_OBJC_ROOT_CLASS = YES_ERROR;
				CLANG_WARN_UNREACHABLE_CODE = YES;
				CLANG_WARN__DUPLICATE_METHOD_MATCH = YES;
				"CODE_SIGN_IDENTITY[sdk=iphoneos*]" = "iPhone Developer";
				COPY_PHASE_STRIP = NO;
				DEBUG_INFORMATION_FORMAT = "dwarf-with-dsym";
				ENABLE_NS_ASSERTIONS = NO;
				ENABLE_STRICT_OBJC_MSGSEND = YES;
				GCC_C_LANGUAGE_STANDARD = gnu99;
				GCC_NO_COMMON_BLOCKS = YES;
				GCC_WARN_64_TO_32_BIT_CONVERSION = YES;
				GCC_WARN_ABOUT_RETURN_TYPE = YES_ERROR;
				GCC_WARN_UNDECLARED_SELECTOR = YES;
				GCC_WARN_UNINITIALIZED_AUTOS = YES_AGGRESSIVE;
				GCC_WARN_UNUSED_FUNCTION = YES;
				GCC_WARN_UNUSED_VARIABLE = YES;
				IPHONEOS_DEPLOYMENT_TARGET = 9.3;
				MTL_ENABLE_DEBUG_INFO = NO;
				SDKROOT = iphoneos;
				VALIDATE_PRODUCT = YES;
			};
			name = Release;
		};
		28FE9D371CEAC5B300F6C4F1 /* Debug */ = {
			isa = XCBuildConfiguration;
			buildSettings = {
				ASSETCATALOG_COMPILER_APPICON_NAME = AppIcon;
				INFOPLIST_FILE = Daimler/Info.plist;
				LD_RUNPATH_SEARCH_PATHS = "$(inherited) @executable_path/Frameworks";
				PRODUCT_BUNDLE_IDENTIFIER = com.palindromo.Daimler;
				PRODUCT_NAME = "$(TARGET_NAME)";
			};
			name = Debug;
		};
		28FE9D381CEAC5B300F6C4F1 /* Release */ = {
			isa = XCBuildConfiguration;
			buildSettings = {
				ASSETCATALOG_COMPILER_APPICON_NAME = AppIcon;
				INFOPLIST_FILE = Daimler/Info.plist;
				LD_RUNPATH_SEARCH_PATHS = "$(inherited) @executable_path/Frameworks";
				PRODUCT_BUNDLE_IDENTIFIER = com.palindromo.Daimler;
				PRODUCT_NAME = "$(TARGET_NAME)";
			};
			name = Release;
		};
		28FE9D3A1CEAC5B300F6C4F1 /* Debug */ = {
			isa = XCBuildConfiguration;
			buildSettings = {
				BUNDLE_LOADER = "$(TEST_HOST)";
				INFOPLIST_FILE = DaimlerTests/Info.plist;
				LD_RUNPATH_SEARCH_PATHS = "$(inherited) @executable_path/Frameworks @loader_path/Frameworks";
				PRODUCT_BUNDLE_IDENTIFIER = com.palindromo.DaimlerTests;
				PRODUCT_NAME = "$(TARGET_NAME)";
				TEST_HOST = "$(BUILT_PRODUCTS_DIR)/Daimler.app/Daimler";
			};
			name = Debug;
		};
		28FE9D3B1CEAC5B300F6C4F1 /* Release */ = {
			isa = XCBuildConfiguration;
			buildSettings = {
				BUNDLE_LOADER = "$(TEST_HOST)";
				INFOPLIST_FILE = DaimlerTests/Info.plist;
				LD_RUNPATH_SEARCH_PATHS = "$(inherited) @executable_path/Frameworks @loader_path/Frameworks";
				PRODUCT_BUNDLE_IDENTIFIER = com.palindromo.DaimlerTests;
				PRODUCT_NAME = "$(TARGET_NAME)";
				TEST_HOST = "$(BUILT_PRODUCTS_DIR)/Daimler.app/Daimler";
			};
			name = Release;
		};
		28FE9D3D1CEAC5B300F6C4F1 /* Debug */ = {
			isa = XCBuildConfiguration;
			buildSettings = {
				INFOPLIST_FILE = DaimlerUITests/Info.plist;
				LD_RUNPATH_SEARCH_PATHS = "$(inherited) @executable_path/Frameworks @loader_path/Frameworks";
				PRODUCT_BUNDLE_IDENTIFIER = com.palindromo.DaimlerUITests;
				PRODUCT_NAME = "$(TARGET_NAME)";
				TEST_TARGET_NAME = Daimler;
			};
			name = Debug;
		};
		28FE9D3E1CEAC5B300F6C4F1 /* Release */ = {
			isa = XCBuildConfiguration;
			buildSettings = {
				INFOPLIST_FILE = DaimlerUITests/Info.plist;
				LD_RUNPATH_SEARCH_PATHS = "$(inherited) @executable_path/Frameworks @loader_path/Frameworks";
				PRODUCT_BUNDLE_IDENTIFIER = com.palindromo.DaimlerUITests;
				PRODUCT_NAME = "$(TARGET_NAME)";
				TEST_TARGET_NAME = Daimler;
			};
			name = Release;
		};
/* End XCBuildConfiguration section */

/* Begin XCConfigurationList section */
		28FE9D061CEAC5B300F6C4F1 /* Build configuration list for PBXProject "Daimler" */ = {
			isa = XCConfigurationList;
			buildConfigurations = (
				28FE9D341CEAC5B300F6C4F1 /* Debug */,
				28FE9D351CEAC5B300F6C4F1 /* Release */,
			);
			defaultConfigurationIsVisible = 0;
			defaultConfigurationName = Release;
		};
		28FE9D361CEAC5B300F6C4F1 /* Build configuration list for PBXNativeTarget "Daimler" */ = {
			isa = XCConfigurationList;
			buildConfigurations = (
				28FE9D371CEAC5B300F6C4F1 /* Debug */,
				28FE9D381CEAC5B300F6C4F1 /* Release */,
			);
			defaultConfigurationIsVisible = 0;
		};
		28FE9D391CEAC5B300F6C4F1 /* Build configuration list for PBXNativeTarget "DaimlerTests" */ = {
			isa = XCConfigurationList;
			buildConfigurations = (
				28FE9D3A1CEAC5B300F6C4F1 /* Debug */,
				28FE9D3B1CEAC5B300F6C4F1 /* Release */,
			);
			defaultConfigurationIsVisible = 0;
		};
		28FE9D3C1CEAC5B300F6C4F1 /* Build configuration list for PBXNativeTarget "DaimlerUITests" */ = {
			isa = XCConfigurationList;
			buildConfigurations = (
				28FE9D3D1CEAC5B300F6C4F1 /* Debug */,
				28FE9D3E1CEAC5B300F6C4F1 /* Release */,
			);
			defaultConfigurationIsVisible = 0;
		};
/* End XCConfigurationList section */

/* Begin XCVersionGroup section */
		28FE9D151CEAC5B300F6C4F1 /* Daimler.xcdatamodeld */ = {
			isa = XCVersionGroup;
			children = (
				28FE9D161CEAC5B300F6C4F1 /* Daimler.xcdatamodel */,
			);
			currentVersion = 28FE9D161CEAC5B300F6C4F1 /* Daimler.xcdatamodel */;
			path = Daimler.xcdatamodeld;
			sourceTree = "<group>";
			versionGroupType = wrapper.xcdatamodel;
		};
/* End XCVersionGroup section */
	};
	rootObject = 28FE9D031CEAC5B300F6C4F1 /* Project object */;
}
